
Microsoft Visual Studio Solution File, Format Version 12.00
# Visual Studio Version 17
VisualStudioVersion = 17.11.35431.28
MinimumVisualStudioVersion = 10.0.40219.1
Project("{FAE04EC0-301F-11D3-BF4B-00C04F79EFBC}") = "Tanks", "Tanks\Tanks.csproj", "{F7ADF878-40F5-4E75-88E1-83FF85202528}"
EndProject
Global
	GlobalSection(SolutionConfigurationPlatforms) = preSolution
		Debug|Any CPU = Debug|Any CPU
		Release|Any CPU = Release|Any CPU
	EndGlobalSection
	GlobalSection(ProjectConfigurationPlatforms) = postSolution
		{F7ADF878-40F5-4E75-88E1-83FF85202528}.Debug|Any CPU.ActiveCfg = Debug|Any CPU
		{F7ADF878-40F5-4E75-88E1-83FF85202528}.Debug|Any CPU.Build.0 = Debug|Any CPU
		{F7ADF878-40F5-4E75-88E1-83FF85202528}.Release|Any CPU.ActiveCfg = Release|Any CPU
		{F7ADF878-40F5-4E75-88E1-83FF85202528}.Release|Any CPU.Build.0 = Release|Any CPU
	EndGlobalSection
	GlobalSection(SolutionProperties) = preSolution
		HideSolutionNode = FALSE
	EndGlobalSection
	GlobalSection(ExtensibilityGlobals) = postSolution
		SolutionGuid = {8E5CA207-1AD9-4D05-B824-5D8719C13B8A}
	EndGlobalSection
EndGlobal
